
Microsoft Visual Studio Solution File, Format Version 12.00
# Visual Studio 14
VisualStudioVersion = 14.0.24720.0
MinimumVisualStudioVersion = 10.0.40219.1
Project("{FAE04EC0-301F-11D3-BF4B-00C04F79EFBC}") = "EventGateway.Host", "EventGateway.Host\EventGateway.Host.csproj", "{B1907B2C-1A23-4BA6-9DD7-17FE9C900D18}"
EndProject
Project("{FAE04EC0-301F-11D3-BF4B-00C04F79EFBC}") = "EventGateway.Core", "EventGateway.Core\EventGateway.Core.csproj", "{209AE9A7-9495-49EC-A1C8-CD61CCA962A4}"
EndProject
Project("{FAE04EC0-301F-11D3-BF4B-00C04F79EFBC}") = "EventGateway.CP", "EventGateway.CP\EventGateway.CP.csproj", "{CF884FBB-4D42-43B9-87ED-53536F54C47F}"
EndProject
Project("{FAE04EC0-301F-11D3-BF4B-00C04F79EFBC}") = "EventGateway.Azure", "EventGateway.Azure\EventGateway.Azure.csproj", "{0B1E5F7D-6763-4E4C-9326-CA1AB6E7DE72}"
EndProject
Global
	GlobalSection(SolutionConfigurationPlatforms) = preSolution
		Debug|Any CPU = Debug|Any CPU
		Release|Any CPU = Release|Any CPU
	EndGlobalSection
	GlobalSection(ProjectConfigurationPlatforms) = postSolution
		{B1907B2C-1A23-4BA6-9DD7-17FE9C900D18}.Debug|Any CPU.ActiveCfg = Debug|Any CPU
		{B1907B2C-1A23-4BA6-9DD7-17FE9C900D18}.Debug|Any CPU.Build.0 = Debug|Any CPU
		{B1907B2C-1A23-4BA6-9DD7-17FE9C900D18}.Release|Any CPU.ActiveCfg = Release|Any CPU
		{B1907B2C-1A23-4BA6-9DD7-17FE9C900D18}.Release|Any CPU.Build.0 = Release|Any CPU
		{209AE9A7-9495-49EC-A1C8-CD61CCA962A4}.Debug|Any CPU.ActiveCfg = Debug|Any CPU
		{209AE9A7-9495-49EC-A1C8-CD61CCA962A4}.Debug|Any CPU.Build.0 = Debug|Any CPU
		{209AE9A7-9495-49EC-A1C8-CD61CCA962A4}.Release|Any CPU.ActiveCfg = Release|Any CPU
		{209AE9A7-9495-49EC-A1C8-CD61CCA962A4}.Release|Any CPU.Build.0 = Release|Any CPU
		{CF884FBB-4D42-43B9-87ED-53536F54C47F}.Debug|Any CPU.ActiveCfg = Debug|Any CPU
		{CF884FBB-4D42-43B9-87ED-53536F54C47F}.Debug|Any CPU.Build.0 = Debug|Any CPU
		{CF884FBB-4D42-43B9-87ED-53536F54C47F}.Release|Any CPU.ActiveCfg = Release|Any CPU
		{CF884FBB-4D42-43B9-87ED-53536F54C47F}.Release|Any CPU.Build.0 = Release|Any CPU
		{0B1E5F7D-6763-4E4C-9326-CA1AB6E7DE72}.Debug|Any CPU.ActiveCfg = Debug|Any CPU
		{0B1E5F7D-6763-4E4C-9326-CA1AB6E7DE72}.Debug|Any CPU.Build.0 = Debug|Any CPU
		{0B1E5F7D-6763-4E4C-9326-CA1AB6E7DE72}.Release|Any CPU.ActiveCfg = Release|Any CPU
		{0B1E5F7D-6763-4E4C-9326-CA1AB6E7DE72}.Release|Any CPU.Build.0 = Release|Any CPU
	EndGlobalSection
	GlobalSection(SolutionProperties) = preSolution
		HideSolutionNode = FALSE
	EndGlobalSection
EndGlobal
